// !$*UTF8*$!
{
	archiveVersion = 1;
	classes = {
	};
	objectVersion = 50;
	objects = {

/* Begin PBXBuildFile section */
		1803F648258AE9C700CD5C03 /* ReversePrint.swift in Sources */ = {isa = PBXBuildFile; fileRef = 1803F647258AE9C700CD5C03 /* ReversePrint.swift */; };
		1803F64C258B54B800CD5C03 /* LowestCommonAncestor.swift in Sources */ = {isa = PBXBuildFile; fileRef = 1803F64B258B54B800CD5C03 /* LowestCommonAncestor.swift */; };
		1803F64F258B553800CD5C03 /* Tree.swift in Sources */ = {isa = PBXBuildFile; fileRef = 1803F64E258B553800CD5C03 /* Tree.swift */; };
		1803F65325909B0500CD5C03 /* Subset.swift in Sources */ = {isa = PBXBuildFile; fileRef = 1803F65225909B0500CD5C03 /* Subset.swift */; };
		1803F6562591D9DD00CD5C03 /* MajorityElement.swift in Sources */ = {isa = PBXBuildFile; fileRef = 1803F6552591D9DD00CD5C03 /* MajorityElement.swift */; };
		1803F6592591E41F00CD5C03 /* LetterOfPhoneNumber.swift in Sources */ = {isa = PBXBuildFile; fileRef = 1803F6582591E41F00CD5C03 /* LetterOfPhoneNumber.swift */; };
		1803F65C2592DD2D00CD5C03 /* NQueens.swift in Sources */ = {isa = PBXBuildFile; fileRef = 1803F65B2592DD2D00CD5C03 /* NQueens.swift */; };
		181302EB25B95CAD00140E61 /* ReverseBits.swift in Sources */ = {isa = PBXBuildFile; fileRef = 181302EA25B95CAD00140E61 /* ReverseBits.swift */; };
		18543CC725C64162007E3865 /* ValidPalindrome.swift in Sources */ = {isa = PBXBuildFile; fileRef = 18543CC625C64162007E3865 /* ValidPalindrome.swift */; };
		18543CCB25C79DA5007E3865 /* LongestPalindromicSubstring.swift in Sources */ = {isa = PBXBuildFile; fileRef = 18543CCA25C79DA5007E3865 /* LongestPalindromicSubstring.swift */; };
		188188D425DE4E2200744153 /* Practice08.swift in Sources */ = {isa = PBXBuildFile; fileRef = 188188D325DE4E2200744153 /* Practice08.swift */; };
		188188D925DF9C2100744153 /* HeapSort.swift in Sources */ = {isa = PBXBuildFile; fileRef = 188188D825DF9C2100744153 /* HeapSort.swift */; };
		189DFF3D25BE67FA00BCE07A /* Sort.swift in Sources */ = {isa = PBXBuildFile; fileRef = 189DFF3C25BE67FA00BCE07A /* Sort.swift */; };
		189DFF4425C2BA9600BCE07A /* LengthOfLastWord.swift in Sources */ = {isa = PBXBuildFile; fileRef = 189DFF4325C2BA9600BCE07A /* LengthOfLastWord.swift */; };
		189DFF4725C2D9C100BCE07A /* JewelsAndStones.swift in Sources */ = {isa = PBXBuildFile; fileRef = 189DFF4625C2D9C100BCE07A /* JewelsAndStones.swift */; };
		189DFF4A25C3D3A200BCE07A /* LongestCommonPrefix.swift in Sources */ = {isa = PBXBuildFile; fileRef = 189DFF4925C3D3A200BCE07A /* LongestCommonPrefix.swift */; };
		189DFF4D25C3FDA000BCE07A /* ReverseString.swift in Sources */ = {isa = PBXBuildFile; fileRef = 189DFF4C25C3FDA000BCE07A /* ReverseString.swift */; };
		18BBA02825A2F5E600CBE9ED /* ThreeSum.swift in Sources */ = {isa = PBXBuildFile; fileRef = 18BBA02725A2F5E600CBE9ED /* ThreeSum.swift */; };
		18BBA02C25A4875F00CBE9ED /* CoinChange.swift in Sources */ = {isa = PBXBuildFile; fileRef = 18BBA02B25A4875F00CBE9ED /* CoinChange.swift */; };
		18BBA03125A5738300CBE9ED /* Practice06.swift in Sources */ = {isa = PBXBuildFile; fileRef = 18BBA03025A5738300CBE9ED /* Practice06.swift */; };
		18BBA03525A581CF00CBE9ED /* Pratice02.swift in Sources */ = {isa = PBXBuildFile; fileRef = 18BBA03425A581CF00CBE9ED /* Pratice02.swift */; };
		18BBA03F25A6DE0000CBE9ED /* Practice04.swift in Sources */ = {isa = PBXBuildFile; fileRef = 18BBA03E25A6DE0000CBE9ED /* Practice04.swift */; };
		18D4C80225CD1B300050702E /* StockII.swift in Sources */ = {isa = PBXBuildFile; fileRef = 18D4C80125CD1B300050702E /* StockII.swift */; };
		18D4C80625CD42C00050702E /* LRUCache.swift in Sources */ = {isa = PBXBuildFile; fileRef = 18D4C80525CD42C00050702E /* LRUCache.swift */; };
		18D4C80A25CF9DF10050702E /* ValidParentheses.swift in Sources */ = {isa = PBXBuildFile; fileRef = 18D4C80925CF9DF10050702E /* ValidParentheses.swift */; };
		18D4C80E25CFE40A0050702E /* MinStack.swift in Sources */ = {isa = PBXBuildFile; fileRef = 18D4C80D25CFE40A0050702E /* MinStack.swift */; };
		18D87006259981AD0056FB8F /* MinGeneticMutation.swift in Sources */ = {isa = PBXBuildFile; fileRef = 18D87005259981AD0056FB8F /* MinGeneticMutation.swift */; };
		18D870092599AFFD0056FB8F /* SqrtX.swift in Sources */ = {isa = PBXBuildFile; fileRef = 18D870082599AFFD0056FB8F /* SqrtX.swift */; };
		18D8700C2599CF980056FB8F /* ValidPerfectSquare.swift in Sources */ = {isa = PBXBuildFile; fileRef = 18D8700B2599CF980056FB8F /* ValidPerfectSquare.swift */; };
		18E0F5CE2595936D00BAD43A /* NumberOfIsland.swift in Sources */ = {isa = PBXBuildFile; fileRef = 18E0F5CD2595936D00BAD43A /* NumberOfIsland.swift */; };
		E407053C25C188B00017B416 /* ToLowerCase.swift in Sources */ = {isa = PBXBuildFile; fileRef = E407053B25C188B00017B416 /* ToLowerCase.swift */; };
		E407053F25C1A6E90017B416 /* Stock.swift in Sources */ = {isa = PBXBuildFile; fileRef = E407053E25C1A6E90017B416 /* Stock.swift */; };
		E40EE1852580C526003E4885 /* RemoveOutermostParentheses.swift in Sources */ = {isa = PBXBuildFile; fileRef = E40EE1842580C526003E4885 /* RemoveOutermostParentheses.swift */; };
		E40EE18825810AA3003E4885 /* Trap.swift in Sources */ = {isa = PBXBuildFile; fileRef = E40EE18725810AA3003E4885 /* Trap.swift */; };
		E40EE18B2581A0B9003E4885 /* LemonnadeChange.swift in Sources */ = {isa = PBXBuildFile; fileRef = E40EE18A2581A0B9003E4885 /* LemonnadeChange.swift */; };
		E40EE18F25825BEE003E4885 /* MaxArea.swift in Sources */ = {isa = PBXBuildFile; fileRef = E40EE18E25825BEE003E4885 /* MaxArea.swift */; };
		E40EE19225827139003E4885 /* FizzBuzz.swift in Sources */ = {isa = PBXBuildFile; fileRef = E40EE19125827139003E4885 /* FizzBuzz.swift */; };
		E40EE1952583AD06003E4885 /* AddDigits.swift in Sources */ = {isa = PBXBuildFile; fileRef = E40EE1942583AD06003E4885 /* AddDigits.swift */; };
		E40EE1982584B7DF003E4885 /* ValidAnagram.swift in Sources */ = {isa = PBXBuildFile; fileRef = E40EE1972584B7DF003E4885 /* ValidAnagram.swift */; };
		E40EE19B2584CEAE003E4885 /* GroupAnagrams.swift in Sources */ = {isa = PBXBuildFile; fileRef = E40EE19A2584CEAE003E4885 /* GroupAnagrams.swift */; };
		E40EE19E25851126003E4885 /* BinaryTree.swift in Sources */ = {isa = PBXBuildFile; fileRef = E40EE19D25851126003E4885 /* BinaryTree.swift */; };
		E40EE1A12585E671003E4885 /* UglyNumber.swift in Sources */ = {isa = PBXBuildFile; fileRef = E40EE1A02585E671003E4885 /* UglyNumber.swift */; };
		E40EE1A4258609BA003E4885 /* TopKFrequent.swift in Sources */ = {isa = PBXBuildFile; fileRef = E40EE1A3258609BA003E4885 /* TopKFrequent.swift */; };
		E40EE1A725864511003E4885 /* NAryTree.swift in Sources */ = {isa = PBXBuildFile; fileRef = E40EE1A625864511003E4885 /* NAryTree.swift */; };
		E40FD0C125ADF14E00DAEF45 /* PalindromicSubstrings.swift in Sources */ = {isa = PBXBuildFile; fileRef = E40FD0C025ADF14E00DAEF45 /* PalindromicSubstrings.swift */; };
		E41114D5258F965E007E9A3A /* Pow.swift in Sources */ = {isa = PBXBuildFile; fileRef = E41114D4258F965E007E9A3A /* Pow.swift */; };
		E41114DA25937D71007E9A3A /* MaxProfit.swift in Sources */ = {isa = PBXBuildFile; fileRef = E41114D925937D71007E9A3A /* MaxProfit.swift */; };
		E41114DE259389F9007E9A3A /* ClimbStairs.swift in Sources */ = {isa = PBXBuildFile; fileRef = E41114DD259389F9007E9A3A /* ClimbStairs.swift */; };
		E41114E325947C61007E9A3A /* AssignCookies.swift in Sources */ = {isa = PBXBuildFile; fileRef = E41114E225947C61007E9A3A /* AssignCookies.swift */; };
		E41F374425C54BF000C11178 /* ReverseStringII.swift in Sources */ = {isa = PBXBuildFile; fileRef = E41F374325C54BF000C11178 /* ReverseStringII.swift */; };
		E41F374725C557DC00C11178 /* ReverseWordInString.swift in Sources */ = {isa = PBXBuildFile; fileRef = E41F374625C557DC00C11178 /* ReverseWordInString.swift */; };
		E41F374A25C55A8100C11178 /* ReverseWordInStringIII.swift in Sources */ = {isa = PBXBuildFile; fileRef = E41F374925C55A8100C11178 /* ReverseWordInStringIII.swift */; };
		E41F374D25C55F2400C11178 /* ReverseOnlyLetters.swift in Sources */ = {isa = PBXBuildFile; fileRef = E41F374C25C55F2400C11178 /* ReverseOnlyLetters.swift */; };
		E41F375025C584F000C11178 /* FindAllAnagramsInAString.swift in Sources */ = {isa = PBXBuildFile; fileRef = E41F374F25C584F000C11178 /* FindAllAnagramsInAString.swift */; };
		E4238E7A25B871600057462D /* SolveSudoku.swift in Sources */ = {isa = PBXBuildFile; fileRef = E4238E7725B86EFA0057462D /* SolveSudoku.swift */; };
		E42415D925DD5E1600973063 /* WordPattern.swift in Sources */ = {isa = PBXBuildFile; fileRef = E42415D825DD5E1600973063 /* WordPattern.swift */; };
		E425119E257E7B7000BA6EE3 /* main.swift in Sources */ = {isa = PBXBuildFile; fileRef = E425119D257E7B7000BA6EE3 /* main.swift */; };
		E42511A6257E7C2200BA6EE3 /* TwoSum.swift in Sources */ = {isa = PBXBuildFile; fileRef = E42511A5257E7C2200BA6EE3 /* TwoSum.swift */; };
		E42511AB257E7EE000BA6EE3 /* Intersect.swift in Sources */ = {isa = PBXBuildFile; fileRef = E42511AA257E7EE000BA6EE3 /* Intersect.swift */; };
		E42F8DE325C6F3DA00108D65 /* IsomorphicStrings.swift in Sources */ = {isa = PBXBuildFile; fileRef = E42F8DE225C6F3DA00108D65 /* IsomorphicStrings.swift */; };
		E42F8DE725C6F7D700108D65 /* LengthOfLIS.swift in Sources */ = {isa = PBXBuildFile; fileRef = E42F8DE625C6F7D700108D65 /* LengthOfLIS.swift */; };
		E447E7ED258CDBB900E89845 /* MyCircularDeque.swift in Sources */ = {isa = PBXBuildFile; fileRef = E447E7EC258CDBB900E89845 /* MyCircularDeque.swift */; };
		E447E7F1258CF8B700E89845 /* MaxDepth.swift in Sources */ = {isa = PBXBuildFile; fileRef = E447E7F0258CF8B700E89845 /* MaxDepth.swift */; };
		E447E7F4258DA62100E89845 /* MinDepth.swift in Sources */ = {isa = PBXBuildFile; fileRef = E447E7F3258DA62100E89845 /* MinDepth.swift */; };
		E447E7F7258E19CD00E89845 /* BuildTree.swift in Sources */ = {isa = PBXBuildFile; fileRef = E447E7F6258E19CC00E89845 /* BuildTree.swift */; };
		E447E7FA258E440900E89845 /* Combinations.swift in Sources */ = {isa = PBXBuildFile; fileRef = E447E7F9258E440900E89845 /* Combinations.swift */; };
		E447E7FE258E51C000E89845 /* Permutations.swift in Sources */ = {isa = PBXBuildFile; fileRef = E447E7FD258E51C000E89845 /* Permutations.swift */; };
		E45705E425C05E4D00A59920 /* MinCostClimbingStairs.swift in Sources */ = {isa = PBXBuildFile; fileRef = E45705E325C05E4D00A59920 /* MinCostClimbingStairs.swift */; };
		E47D15B025DFF1990074EE20 /* MergeTwoLists.swift in Sources */ = {isa = PBXBuildFile; fileRef = E47D15AF25DFF1990074EE20 /* MergeTwoLists.swift */; };
		E481DA1F25B94F3A0079E94E /* ValidSudoku.swift in Sources */ = {isa = PBXBuildFile; fileRef = E481DA1E25B94F3A0079E94E /* ValidSudoku.swift */; };
		E481DA2225B954D30079E94E /* NumberOfOneBit.swift in Sources */ = {isa = PBXBuildFile; fileRef = E481DA2125B954D30079E94E /* NumberOfOneBit.swift */; };
		E481DA2625B9B61D0079E94E /* PowerOfTwo.swift in Sources */ = {isa = PBXBuildFile; fileRef = E481DA2525B9B61D0079E94E /* PowerOfTwo.swift */; };
		E48DC9C925BF108A00ED0D96 /* FirstUniqueChar.swift in Sources */ = {isa = PBXBuildFile; fileRef = E48DC9C825BF108A00ED0D96 /* FirstUniqueChar.swift */; };
		E4A07E8525CE5759002C24E4 /* ContaineWithMostWater.swift in Sources */ = {isa = PBXBuildFile; fileRef = E4A07E8425CE5759002C24E4 /* ContaineWithMostWater.swift */; };
		E4A07E8925CE590D002C24E4 /* MoveZero.swift in Sources */ = {isa = PBXBuildFile; fileRef = E4A07E8825CE590D002C24E4 /* MoveZero.swift */; };
		E4A07E8C25CEADF0002C24E4 /* ReverseLinkedList.swift in Sources */ = {isa = PBXBuildFile; fileRef = E4A07E8B25CEADF0002C24E4 /* ReverseLinkedList.swift */; };
		E4A07E8F25CECB6D002C24E4 /* LinkedListCycle.swift in Sources */ = {isa = PBXBuildFile; fileRef = E4A07E8E25CECB6D002C24E4 /* LinkedListCycle.swift */; };
		E4A07E9225CED033002C24E4 /* LinkedListCycleII.swift in Sources */ = {isa = PBXBuildFile; fileRef = E4A07E9125CED033002C24E4 /* LinkedListCycleII.swift */; };
		E4A07E9525CED88E002C24E4 /* ProductExceptSelf.swift in Sources */ = {isa = PBXBuildFile; fileRef = E4A07E9425CED88E002C24E4 /* ProductExceptSelf.swift */; };
		E4B29FDF25DEB5200057A6F0 /* LongestSubstringWithoutRepeat.swift in Sources */ = {isa = PBXBuildFile; fileRef = E4B29FDE25DEB5200057A6F0 /* LongestSubstringWithoutRepeat.swift */; };
		E4BB406225BD65D6008E963D /* RelativeSortArray.swift in Sources */ = {isa = PBXBuildFile; fileRef = E4BB406125BD65D6008E963D /* RelativeSortArray.swift */; };
		E4BB406525BD74A9008E963D /* LeaderBoard.swift in Sources */ = {isa = PBXBuildFile; fileRef = E4BB406425BD74A9008E963D /* LeaderBoard.swift */; };
		E4BB406825BDC3CC008E963D /* CountingBits.swift in Sources */ = {isa = PBXBuildFile; fileRef = E4BB406725BDC3CC008E963D /* CountingBits.swift */; };
		E4BBB75C258F4AA400225CB6 /* PermuteUnique.swift in Sources */ = {isa = PBXBuildFile; fileRef = E4BBB75B258F4AA400225CB6 /* PermuteUnique.swift */; };
		E4BBB75F258F7CF400225CB6 /* Codec.swift in Sources */ = {isa = PBXBuildFile; fileRef = E4BBB75E258F7CF400225CB6 /* Codec.swift */; };
		E4EBEBC22596CB99007D26FE /* RobotSim.swift in Sources */ = {isa = PBXBuildFile; fileRef = E4EBEBC12596CB99007D26FE /* RobotSim.swift */; };
		E4EBEBC52596D682007D26FE /* WordLadder.swift in Sources */ = {isa = PBXBuildFile; fileRef = E4EBEBC42596D682007D26FE /* WordLadder.swift */; };
		E4EBEBC825972146007D26FE /* Minesweeper.swift in Sources */ = {isa = PBXBuildFile; fileRef = E4EBEBC725972146007D26FE /* Minesweeper.swift */; };
		E4EBEBCB259739AB007D26FE /* JumpGame.swift in Sources */ = {isa = PBXBuildFile; fileRef = E4EBEBCA259739AB007D26FE /* JumpGame.swift */; };
		E4EBEBCE25974278007D26FE /* SearchInRotatedSortedArray.swift in Sources */ = {isa = PBXBuildFile; fileRef = E4EBEBCD25974278007D26FE /* SearchInRotatedSortedArray.swift */; };
		E4EBEBD12597477E007D26FE /* Search2DMatrix.swift in Sources */ = {isa = PBXBuildFile; fileRef = E4EBEBD02597477E007D26FE /* Search2DMatrix.swift */; };
		E4EBEBD425974AAD007D26FE /* FindMinInRotatedSortedArray.swift in Sources */ = {isa = PBXBuildFile; fileRef = E4EBEBD325974AAD007D26FE /* FindMinInRotatedSortedArray.swift */; };
		E4EBEBD8259872AC007D26FE /* JumpGameII.swift in Sources */ = {isa = PBXBuildFile; fileRef = E4EBEBD7259872AC007D26FE /* JumpGameII.swift */; };
		E4EBEBDC25988422007D26FE /* WordLadderII.swift in Sources */ = {isa = PBXBuildFile; fileRef = E4EBEBDB25988422007D26FE /* WordLadderII.swift */; };
		E4EBEBE1259B6DCD007D26FE /* Practice.swift in Sources */ = {isa = PBXBuildFile; fileRef = E4EBEBE0259B6DCD007D26FE /* Practice.swift */; };
		E4EBEBE6259E0A8F007D26FE /* MaxSubarray.swift in Sources */ = {isa = PBXBuildFile; fileRef = E4EBEBE5259E0A8F007D26FE /* MaxSubarray.swift */; };
		E4EBEBEA259F752A007D26FE /* FourSum.swift in Sources */ = {isa = PBXBuildFile; fileRef = E4EBEBE9259F752A007D26FE /* FourSum.swift */; };
		E4EBEBED259F77DE007D26FE /* LongestCommonSubsequence.swift in Sources */ = {isa = PBXBuildFile; fileRef = E4EBEBEC259F77DE007D26FE /* LongestCommonSubsequence.swift */; };
		E4EBEBF025A05493007D26FE /* Practice05.swift in Sources */ = {isa = PBXBuildFile; fileRef = E4EBEBEF25A05493007D26FE /* Practice05.swift */; };
		E4EBEBF325A0AC3E007D26FE /* UniquePaths.swift in Sources */ = {isa = PBXBuildFile; fileRef = E4EBEBF225A0AC3E007D26FE /* UniquePaths.swift */; };
		E4EBEBF725A0B28E007D26FE /* UniquePathsII.swift in Sources */ = {isa = PBXBuildFile; fileRef = E4EBEBF625A0B28E007D26FE /* UniquePathsII.swift */; };
		E4EBEBFA25A1626B007D26FE /* MinPathSum.swift in Sources */ = {isa = PBXBuildFile; fileRef = E4EBEBF925A1626B007D26FE /* MinPathSum.swift */; };
		E4EBEBFD25A16DAF007D26FE /* Triangle.swift in Sources */ = {isa = PBXBuildFile; fileRef = E4EBEBFC25A16DAF007D26FE /* Triangle.swift */; };
		E4EBEC0125A20CAD007D26FE /* Fibonacci.swift in Sources */ = {isa = PBXBuildFile; fileRef = E4EBEC0025A20CAD007D26FE /* Fibonacci.swift */; };
		E4EBEC0D25A5F9F8007D26FE /* HouseRobber.swift in Sources */ = {isa = PBXBuildFile; fileRef = E4EBEC0C25A5F9F8007D26FE /* HouseRobber.swift */; };
		E4EBEC1025A60195007D26FE /* HouseRobberII.swift in Sources */ = {isa = PBXBuildFile; fileRef = E4EBEC0F25A60195007D26FE /* HouseRobberII.swift */; };
		E4EBEC1A25A8AC9E007D26FE /* CoinChangeII.swift in Sources */ = {isa = PBXBuildFile; fileRef = E4EBEC1925A8AC9E007D26FE /* CoinChangeII.swift */; };
		E4EBEC1D25A8ACFD007D26FE /* EditDistance.swift in Sources */ = {isa = PBXBuildFile; fileRef = E4EBEC1C25A8ACFD007D26FE /* EditDistance.swift */; };
		E4EBEC2125A8B491007D26FE /* RotateArray.swift in Sources */ = {isa = PBXBuildFile; fileRef = E4EBEC2025A8B491007D26FE /* RotateArray.swift */; };
		E4EBEC2425AA07F8007D26FE /* StockIII.swift in Sources */ = {isa = PBXBuildFile; fileRef = E4EBEC2325AA07F8007D26FE /* StockIII.swift */; };
		E4EBEC2725AAFB85007D26FE /* PerfectSquare.swift in Sources */ = {isa = PBXBuildFile; fileRef = E4EBEC2625AAFB85007D26FE /* PerfectSquare.swift */; };
		E4EBEC2A25AB2B28007D26FE /* DecodeWays.swift in Sources */ = {isa = PBXBuildFile; fileRef = E4EBEC2925AB2B28007D26FE /* DecodeWays.swift */; };
		E4EBEC2D25AB305F007D26FE /* MaxSquare.swift in Sources */ = {isa = PBXBuildFile; fileRef = E4EBEC2C25AB305F007D26FE /* MaxSquare.swift */; };
		E4EBEC3025AC9E46007D26FE /* SortColor.swift in Sources */ = {isa = PBXBuildFile; fileRef = E4EBEC2F25AC9E46007D26FE /* SortColor.swift */; };
		E4F012C525B3170E0038908D /* TrieTree.swift in Sources */ = {isa = PBXBuildFile; fileRef = E4F012C425B3170E0038908D /* TrieTree.swift */; };
		E4FACDA72588E23F009EB46F /* GenerateParenthesis.swift in Sources */ = {isa = PBXBuildFile; fileRef = E4FACDA62588E23F009EB46F /* GenerateParenthesis.swift */; };
		E4FACDAF258C4B42009EB46F /* InvertTree.swift in Sources */ = {isa = PBXBuildFile; fileRef = E4FACDAE258C4B42009EB46F /* InvertTree.swift */; };
		E4FACDB2258C63CC009EB46F /* IsValidBST.swift in Sources */ = {isa = PBXBuildFile; fileRef = E4FACDB1258C63CC009EB46F /* IsValidBST.swift */; };
		E4FF1D11257FA3CE00B034BE /* SlidingWindowMaximum.swift in Sources */ = {isa = PBXBuildFile; fileRef = E4FF1D10257FA3CE00B034BE /* SlidingWindowMaximum.swift */; };
		E4FFE50025BB177100A8E10C /* SwapNodesInPairs.swift in Sources */ = {isa = PBXBuildFile; fileRef = E4FFE4FF25BB177100A8E10C /* SwapNodesInPairs.swift */; };
/* End PBXBuildFile section */

/* Begin PBXCopyFilesBuildPhase section */
		E4251198257E7B7000BA6EE3 /* CopyFiles */ = {
			isa = PBXCopyFilesBuildPhase;
			buildActionMask = 2147483647;
			dstPath = /usr/share/man/man1/;
			dstSubfolderSpec = 0;
			files = (
			);
			runOnlyForDeploymentPostprocessing = 1;
		};
/* End PBXCopyFilesBuildPhase section */

/* Begin PBXFileReference section */
		1803F647258AE9C700CD5C03 /* ReversePrint.swift */ = {isa = PBXFileReference; lastKnownFileType = sourcecode.swift; path = ReversePrint.swift; sourceTree = "<group>"; };
		1803F64B258B54B800CD5C03 /* LowestCommonAncestor.swift */ = {isa = PBXFileReference; lastKnownFileType = sourcecode.swift; path = LowestCommonAncestor.swift; sourceTree = "<group>"; };
		1803F64E258B553800CD5C03 /* Tree.swift */ = {isa = PBXFileReference; lastKnownFileType = sourcecode.swift; path = Tree.swift; sourceTree = "<group>"; };
		1803F65225909B0500CD5C03 /* Subset.swift */ = {isa = PBXFileReference; lastKnownFileType = sourcecode.swift; path = Subset.swift; sourceTree = "<group>"; };
		1803F6552591D9DD00CD5C03 /* MajorityElement.swift */ = {isa = PBXFileReference; lastKnownFileType = sourcecode.swift; path = MajorityElement.swift; sourceTree = "<group>"; };
		1803F6582591E41F00CD5C03 /* LetterOfPhoneNumber.swift */ = {isa = PBXFileReference; lastKnownFileType = sourcecode.swift; path = LetterOfPhoneNumber.swift; sourceTree = "<group>"; };
		1803F65B2592DD2D00CD5C03 /* NQueens.swift */ = {isa = PBXFileReference; lastKnownFileType = sourcecode.swift; path = NQueens.swift; sourceTree = "<group>"; };
		181302EA25B95CAD00140E61 /* ReverseBits.swift */ = {isa = PBXFileReference; lastKnownFileType = sourcecode.swift; path = ReverseBits.swift; sourceTree = "<group>"; };
		18543CC625C64162007E3865 /* ValidPalindrome.swift */ = {isa = PBXFileReference; lastKnownFileType = sourcecode.swift; path = ValidPalindrome.swift; sourceTree = "<group>"; };
		18543CCA25C79DA5007E3865 /* LongestPalindromicSubstring.swift */ = {isa = PBXFileReference; lastKnownFileType = sourcecode.swift; path = LongestPalindromicSubstring.swift; sourceTree = "<group>"; };
		188188D325DE4E2200744153 /* Practice08.swift */ = {isa = PBXFileReference; lastKnownFileType = sourcecode.swift; path = Practice08.swift; sourceTree = "<group>"; };
		188188D825DF9C2100744153 /* HeapSort.swift */ = {isa = PBXFileReference; lastKnownFileType = sourcecode.swift; path = HeapSort.swift; sourceTree = "<group>"; };
		189DFF3C25BE67FA00BCE07A /* Sort.swift */ = {isa = PBXFileReference; lastKnownFileType = sourcecode.swift; path = Sort.swift; sourceTree = "<group>"; };
		189DFF4325C2BA9600BCE07A /* LengthOfLastWord.swift */ = {isa = PBXFileReference; lastKnownFileType = sourcecode.swift; path = LengthOfLastWord.swift; sourceTree = "<group>"; };
		189DFF4625C2D9C100BCE07A /* JewelsAndStones.swift */ = {isa = PBXFileReference; lastKnownFileType = sourcecode.swift; path = JewelsAndStones.swift; sourceTree = "<group>"; };
		189DFF4925C3D3A200BCE07A /* LongestCommonPrefix.swift */ = {isa = PBXFileReference; lastKnownFileType = sourcecode.swift; path = LongestCommonPrefix.swift; sourceTree = "<group>"; };
		189DFF4C25C3FDA000BCE07A /* ReverseString.swift */ = {isa = PBXFileReference; lastKnownFileType = sourcecode.swift; path = ReverseString.swift; sourceTree = "<group>"; };
		18BBA02725A2F5E600CBE9ED /* ThreeSum.swift */ = {isa = PBXFileReference; lastKnownFileType = sourcecode.swift; path = ThreeSum.swift; sourceTree = "<group>"; };
		18BBA02B25A4875F00CBE9ED /* CoinChange.swift */ = {isa = PBXFileReference; lastKnownFileType = sourcecode.swift; path = CoinChange.swift; sourceTree = "<group>"; };
		18BBA03025A5738300CBE9ED /* Practice06.swift */ = {isa = PBXFileReference; lastKnownFileType = sourcecode.swift; path = Practice06.swift; sourceTree = "<group>"; };
		18BBA03425A581CF00CBE9ED /* Pratice02.swift */ = {isa = PBXFileReference; lastKnownFileType = sourcecode.swift; path = Pratice02.swift; sourceTree = "<group>"; };
		18BBA03E25A6DE0000CBE9ED /* Practice04.swift */ = {isa = PBXFileReference; fileEncoding = 4; lastKnownFileType = sourcecode.swift; path = Practice04.swift; sourceTree = "<group>"; };
		18D4C80125CD1B300050702E /* StockII.swift */ = {isa = PBXFileReference; lastKnownFileType = sourcecode.swift; path = StockII.swift; sourceTree = "<group>"; };
		18D4C80525CD42C00050702E /* LRUCache.swift */ = {isa = PBXFileReference; fileEncoding = 4; lastKnownFileType = sourcecode.swift; path = LRUCache.swift; sourceTree = "<group>"; };
		18D4C80925CF9DF10050702E /* ValidParentheses.swift */ = {isa = PBXFileReference; lastKnownFileType = sourcecode.swift; path = ValidParentheses.swift; sourceTree = "<group>"; };
		18D4C80D25CFE40A0050702E /* MinStack.swift */ = {isa = PBXFileReference; lastKnownFileType = sourcecode.swift; path = MinStack.swift; sourceTree = "<group>"; };
		18D87005259981AD0056FB8F /* MinGeneticMutation.swift */ = {isa = PBXFileReference; lastKnownFileType = sourcecode.swift; path = MinGeneticMutation.swift; sourceTree = "<group>"; };
		18D870082599AFFD0056FB8F /* SqrtX.swift */ = {isa = PBXFileReference; lastKnownFileType = sourcecode.swift; path = SqrtX.swift; sourceTree = "<group>"; };
		18D8700B2599CF980056FB8F /* ValidPerfectSquare.swift */ = {isa = PBXFileReference; lastKnownFileType = sourcecode.swift; path = ValidPerfectSquare.swift; sourceTree = "<group>"; };
		18E0F5CD2595936D00BAD43A /* NumberOfIsland.swift */ = {isa = PBXFileReference; lastKnownFileType = sourcecode.swift; path = NumberOfIsland.swift; sourceTree = "<group>"; };
		E407053B25C188B00017B416 /* ToLowerCase.swift */ = {isa = PBXFileReference; lastKnownFileType = sourcecode.swift; path = ToLowerCase.swift; sourceTree = "<group>"; };
		E407053E25C1A6E90017B416 /* Stock.swift */ = {isa = PBXFileReference; lastKnownFileType = sourcecode.swift; path = Stock.swift; sourceTree = "<group>"; };
		E40EE1842580C526003E4885 /* RemoveOutermostParentheses.swift */ = {isa = PBXFileReference; lastKnownFileType = sourcecode.swift; path = RemoveOutermostParentheses.swift; sourceTree = "<group>"; };
		E40EE18725810AA3003E4885 /* Trap.swift */ = {isa = PBXFileReference; lastKnownFileType = sourcecode.swift; path = Trap.swift; sourceTree = "<group>"; };
		E40EE18A2581A0B9003E4885 /* LemonnadeChange.swift */ = {isa = PBXFileReference; lastKnownFileType = sourcecode.swift; path = LemonnadeChange.swift; sourceTree = "<group>"; };
		E40EE18E25825BEE003E4885 /* MaxArea.swift */ = {isa = PBXFileReference; lastKnownFileType = sourcecode.swift; path = MaxArea.swift; sourceTree = "<group>"; };
		E40EE19125827139003E4885 /* FizzBuzz.swift */ = {isa = PBXFileReference; lastKnownFileType = sourcecode.swift; path = FizzBuzz.swift; sourceTree = "<group>"; };
		E40EE1942583AD06003E4885 /* AddDigits.swift */ = {isa = PBXFileReference; lastKnownFileType = sourcecode.swift; path = AddDigits.swift; sourceTree = "<group>"; };
		E40EE1972584B7DF003E4885 /* ValidAnagram.swift */ = {isa = PBXFileReference; lastKnownFileType = sourcecode.swift; path = ValidAnagram.swift; sourceTree = "<group>"; };
		E40EE19A2584CEAE003E4885 /* GroupAnagrams.swift */ = {isa = PBXFileReference; lastKnownFileType = sourcecode.swift; path = GroupAnagrams.swift; sourceTree = "<group>"; };
		E40EE19D25851126003E4885 /* BinaryTree.swift */ = {isa = PBXFileReference; lastKnownFileType = sourcecode.swift; path = BinaryTree.swift; sourceTree = "<group>"; };
		E40EE1A02585E671003E4885 /* UglyNumber.swift */ = {isa = PBXFileReference; lastKnownFileType = sourcecode.swift; path = UglyNumber.swift; sourceTree = "<group>"; };
		E40EE1A3258609BA003E4885 /* TopKFrequent.swift */ = {isa = PBXFileReference; lastKnownFileType = sourcecode.swift; path = TopKFrequent.swift; sourceTree = "<group>"; };
		E40EE1A625864511003E4885 /* NAryTree.swift */ = {isa = PBXFileReference; lastKnownFileType = sourcecode.swift; path = NAryTree.swift; sourceTree = "<group>"; };
		E40FD0C025ADF14E00DAEF45 /* PalindromicSubstrings.swift */ = {isa = PBXFileReference; lastKnownFileType = sourcecode.swift; path = PalindromicSubstrings.swift; sourceTree = "<group>"; };
		E41114D4258F965E007E9A3A /* Pow.swift */ = {isa = PBXFileReference; lastKnownFileType = sourcecode.swift; path = Pow.swift; sourceTree = "<group>"; };
		E41114D925937D71007E9A3A /* MaxProfit.swift */ = {isa = PBXFileReference; lastKnownFileType = sourcecode.swift; path = MaxProfit.swift; sourceTree = "<group>"; };
		E41114DD259389F9007E9A3A /* ClimbStairs.swift */ = {isa = PBXFileReference; lastKnownFileType = sourcecode.swift; path = ClimbStairs.swift; sourceTree = "<group>"; };
		E41114E225947C61007E9A3A /* AssignCookies.swift */ = {isa = PBXFileReference; lastKnownFileType = sourcecode.swift; path = AssignCookies.swift; sourceTree = "<group>"; };
		E41F374325C54BF000C11178 /* ReverseStringII.swift */ = {isa = PBXFileReference; lastKnownFileType = sourcecode.swift; path = ReverseStringII.swift; sourceTree = "<group>"; };
		E41F374625C557DC00C11178 /* ReverseWordInString.swift */ = {isa = PBXFileReference; lastKnownFileType = sourcecode.swift; path = ReverseWordInString.swift; sourceTree = "<group>"; };
		E41F374925C55A8100C11178 /* ReverseWordInStringIII.swift */ = {isa = PBXFileReference; lastKnownFileType = sourcecode.swift; path = ReverseWordInStringIII.swift; sourceTree = "<group>"; };
		E41F374C25C55F2400C11178 /* ReverseOnlyLetters.swift */ = {isa = PBXFileReference; lastKnownFileType = sourcecode.swift; path = ReverseOnlyLetters.swift; sourceTree = "<group>"; };
		E41F374F25C584F000C11178 /* FindAllAnagramsInAString.swift */ = {isa = PBXFileReference; lastKnownFileType = sourcecode.swift; path = FindAllAnagramsInAString.swift; sourceTree = "<group>"; };
		E4238E7725B86EFA0057462D /* SolveSudoku.swift */ = {isa = PBXFileReference; lastKnownFileType = sourcecode.swift; path = SolveSudoku.swift; sourceTree = "<group>"; };
		E42415D825DD5E1600973063 /* WordPattern.swift */ = {isa = PBXFileReference; lastKnownFileType = sourcecode.swift; path = WordPattern.swift; sourceTree = "<group>"; };
		E425119A257E7B7000BA6EE3 /* LeetCodeDemo */ = {isa = PBXFileReference; explicitFileType = "compiled.mach-o.executable"; includeInIndex = 0; path = LeetCodeDemo; sourceTree = BUILT_PRODUCTS_DIR; };
		E425119D257E7B7000BA6EE3 /* main.swift */ = {isa = PBXFileReference; lastKnownFileType = sourcecode.swift; path = main.swift; sourceTree = "<group>"; };
		E42511A5257E7C2200BA6EE3 /* TwoSum.swift */ = {isa = PBXFileReference; lastKnownFileType = sourcecode.swift; path = TwoSum.swift; sourceTree = "<group>"; };
		E42511AA257E7EE000BA6EE3 /* Intersect.swift */ = {isa = PBXFileReference; lastKnownFileType = sourcecode.swift; path = Intersect.swift; sourceTree = "<group>"; };
		E42F8DE225C6F3DA00108D65 /* IsomorphicStrings.swift */ = {isa = PBXFileReference; lastKnownFileType = sourcecode.swift; path = IsomorphicStrings.swift; sourceTree = "<group>"; };
		E42F8DE625C6F7D700108D65 /* LengthOfLIS.swift */ = {isa = PBXFileReference; lastKnownFileType = sourcecode.swift; path = LengthOfLIS.swift; sourceTree = "<group>"; };
		E447E7EC258CDBB900E89845 /* MyCircularDeque.swift */ = {isa = PBXFileReference; lastKnownFileType = sourcecode.swift; path = MyCircularDeque.swift; sourceTree = "<group>"; };
		E447E7F0258CF8B700E89845 /* MaxDepth.swift */ = {isa = PBXFileReference; lastKnownFileType = sourcecode.swift; path = MaxDepth.swift; sourceTree = "<group>"; };
		E447E7F3258DA62100E89845 /* MinDepth.swift */ = {isa = PBXFileReference; lastKnownFileType = sourcecode.swift; path = MinDepth.swift; sourceTree = "<group>"; };
		E447E7F6258E19CC00E89845 /* BuildTree.swift */ = {isa = PBXFileReference; lastKnownFileType = sourcecode.swift; path = BuildTree.swift; sourceTree = "<group>"; };
		E447E7F9258E440900E89845 /* Combinations.swift */ = {isa = PBXFileReference; lastKnownFileType = sourcecode.swift; path = Combinations.swift; sourceTree = "<group>"; };
		E447E7FD258E51C000E89845 /* Permutations.swift */ = {isa = PBXFileReference; lastKnownFileType = sourcecode.swift; path = Permutations.swift; sourceTree = "<group>"; };
		E45705E325C05E4D00A59920 /* MinCostClimbingStairs.swift */ = {isa = PBXFileReference; lastKnownFileType = sourcecode.swift; path = MinCostClimbingStairs.swift; sourceTree = "<group>"; };
		E47D15AF25DFF1990074EE20 /* MergeTwoLists.swift */ = {isa = PBXFileReference; lastKnownFileType = sourcecode.swift; path = MergeTwoLists.swift; sourceTree = "<group>"; };
		E481DA1E25B94F3A0079E94E /* ValidSudoku.swift */ = {isa = PBXFileReference; lastKnownFileType = sourcecode.swift; path = ValidSudoku.swift; sourceTree = "<group>"; };
		E481DA2125B954D30079E94E /* NumberOfOneBit.swift */ = {isa = PBXFileReference; lastKnownFileType = sourcecode.swift; path = NumberOfOneBit.swift; sourceTree = "<group>"; };
		E481DA2525B9B61D0079E94E /* PowerOfTwo.swift */ = {isa = PBXFileReference; lastKnownFileType = sourcecode.swift; path = PowerOfTwo.swift; sourceTree = "<group>"; };
		E48DC9C825BF108A00ED0D96 /* FirstUniqueChar.swift */ = {isa = PBXFileReference; lastKnownFileType = sourcecode.swift; path = FirstUniqueChar.swift; sourceTree = "<group>"; };
		E4A07E8425CE5759002C24E4 /* ContaineWithMostWater.swift */ = {isa = PBXFileReference; lastKnownFileType = sourcecode.swift; path = ContaineWithMostWater.swift; sourceTree = "<group>"; };
		E4A07E8825CE590D002C24E4 /* MoveZero.swift */ = {isa = PBXFileReference; lastKnownFileType = sourcecode.swift; path = MoveZero.swift; sourceTree = "<group>"; };
		E4A07E8B25CEADF0002C24E4 /* ReverseLinkedList.swift */ = {isa = PBXFileReference; lastKnownFileType = sourcecode.swift; path = ReverseLinkedList.swift; sourceTree = "<group>"; };
		E4A07E8E25CECB6D002C24E4 /* LinkedListCycle.swift */ = {isa = PBXFileReference; lastKnownFileType = sourcecode.swift; path = LinkedListCycle.swift; sourceTree = "<group>"; };
		E4A07E9125CED033002C24E4 /* LinkedListCycleII.swift */ = {isa = PBXFileReference; lastKnownFileType = sourcecode.swift; path = LinkedListCycleII.swift; sourceTree = "<group>"; };
		E4A07E9425CED88E002C24E4 /* ProductExceptSelf.swift */ = {isa = PBXFileReference; lastKnownFileType = sourcecode.swift; path = ProductExceptSelf.swift; sourceTree = "<group>"; };
		E4B29FDE25DEB5200057A6F0 /* LongestSubstringWithoutRepeat.swift */ = {isa = PBXFileReference; lastKnownFileType = sourcecode.swift; path = LongestSubstringWithoutRepeat.swift; sourceTree = "<group>"; };
		E4BB406125BD65D6008E963D /* RelativeSortArray.swift */ = {isa = PBXFileReference; lastKnownFileType = sourcecode.swift; path = RelativeSortArray.swift; sourceTree = "<group>"; };
		E4BB406425BD74A9008E963D /* LeaderBoard.swift */ = {isa = PBXFileReference; lastKnownFileType = sourcecode.swift; path = LeaderBoard.swift; sourceTree = "<group>"; };
		E4BB406725BDC3CC008E963D /* CountingBits.swift */ = {isa = PBXFileReference; lastKnownFileType = sourcecode.swift; path = CountingBits.swift; sourceTree = "<group>"; };
		E4BBB75B258F4AA400225CB6 /* PermuteUnique.swift */ = {isa = PBXFileReference; lastKnownFileType = sourcecode.swift; path = PermuteUnique.swift; sourceTree = "<group>"; };
		E4BBB75E258F7CF400225CB6 /* Codec.swift */ = {isa = PBXFileReference; lastKnownFileType = sourcecode.swift; path = Codec.swift; sourceTree = "<group>"; };
		E4EBEBC12596CB99007D26FE /* RobotSim.swift */ = {isa = PBXFileReference; lastKnownFileType = sourcecode.swift; path = RobotSim.swift; sourceTree = "<group>"; };
		E4EBEBC42596D682007D26FE /* WordLadder.swift */ = {isa = PBXFileReference; lastKnownFileType = sourcecode.swift; path = WordLadder.swift; sourceTree = "<group>"; };
		E4EBEBC725972146007D26FE /* Minesweeper.swift */ = {isa = PBXFileReference; lastKnownFileType = sourcecode.swift; path = Minesweeper.swift; sourceTree = "<group>"; };
		E4EBEBCA259739AB007D26FE /* JumpGame.swift */ = {isa = PBXFileReference; lastKnownFileType = sourcecode.swift; path = JumpGame.swift; sourceTree = "<group>"; };
		E4EBEBCD25974278007D26FE /* SearchInRotatedSortedArray.swift */ = {isa = PBXFileReference; lastKnownFileType = sourcecode.swift; path = SearchInRotatedSortedArray.swift; sourceTree = "<group>"; };
		E4EBEBD02597477E007D26FE /* Search2DMatrix.swift */ = {isa = PBXFileReference; lastKnownFileType = sourcecode.swift; path = Search2DMatrix.swift; sourceTree = "<group>"; };
		E4EBEBD325974AAD007D26FE /* FindMinInRotatedSortedArray.swift */ = {isa = PBXFileReference; lastKnownFileType = sourcecode.swift; path = FindMinInRotatedSortedArray.swift; sourceTree = "<group>"; };
		E4EBEBD7259872AC007D26FE /* JumpGameII.swift */ = {isa = PBXFileReference; lastKnownFileType = sourcecode.swift; path = JumpGameII.swift; sourceTree = "<group>"; };
		E4EBEBDB25988422007D26FE /* WordLadderII.swift */ = {isa = PBXFileReference; lastKnownFileType = sourcecode.swift; path = WordLadderII.swift; sourceTree = "<group>"; };
		E4EBEBE0259B6DCD007D26FE /* Practice.swift */ = {isa = PBXFileReference; lastKnownFileType = sourcecode.swift; path = Practice.swift; sourceTree = "<group>"; };
		E4EBEBE5259E0A8F007D26FE /* MaxSubarray.swift */ = {isa = PBXFileReference; lastKnownFileType = sourcecode.swift; path = MaxSubarray.swift; sourceTree = "<group>"; };
		E4EBEBE9259F752A007D26FE /* FourSum.swift */ = {isa = PBXFileReference; lastKnownFileType = sourcecode.swift; path = FourSum.swift; sourceTree = "<group>"; };
		E4EBEBEC259F77DE007D26FE /* LongestCommonSubsequence.swift */ = {isa = PBXFileReference; lastKnownFileType = sourcecode.swift; path = LongestCommonSubsequence.swift; sourceTree = "<group>"; };
		E4EBEBEF25A05493007D26FE /* Practice05.swift */ = {isa = PBXFileReference; lastKnownFileType = sourcecode.swift; path = Practice05.swift; sourceTree = "<group>"; };
		E4EBEBF225A0AC3E007D26FE /* UniquePaths.swift */ = {isa = PBXFileReference; lastKnownFileType = sourcecode.swift; path = UniquePaths.swift; sourceTree = "<group>"; };
		E4EBEBF625A0B28E007D26FE /* UniquePathsII.swift */ = {isa = PBXFileReference; lastKnownFileType = sourcecode.swift; path = UniquePathsII.swift; sourceTree = "<group>"; };
		E4EBEBF925A1626B007D26FE /* MinPathSum.swift */ = {isa = PBXFileReference; lastKnownFileType = sourcecode.swift; path = MinPathSum.swift; sourceTree = "<group>"; };
		E4EBEBFC25A16DAF007D26FE /* Triangle.swift */ = {isa = PBXFileReference; lastKnownFileType = sourcecode.swift; path = Triangle.swift; sourceTree = "<group>"; };
		E4EBEC0025A20CAD007D26FE /* Fibonacci.swift */ = {isa = PBXFileReference; lastKnownFileType = sourcecode.swift; path = Fibonacci.swift; sourceTree = "<group>"; };
		E4EBEC0C25A5F9F8007D26FE /* HouseRobber.swift */ = {isa = PBXFileReference; lastKnownFileType = sourcecode.swift; path = HouseRobber.swift; sourceTree = "<group>"; };
		E4EBEC0F25A60195007D26FE /* HouseRobberII.swift */ = {isa = PBXFileReference; lastKnownFileType = sourcecode.swift; path = HouseRobberII.swift; sourceTree = "<group>"; };
		E4EBEC1925A8AC9E007D26FE /* CoinChangeII.swift */ = {isa = PBXFileReference; fileEncoding = 4; lastKnownFileType = sourcecode.swift; path = CoinChangeII.swift; sourceTree = "<group>"; };
		E4EBEC1C25A8ACFD007D26FE /* EditDistance.swift */ = {isa = PBXFileReference; lastKnownFileType = sourcecode.swift; path = EditDistance.swift; sourceTree = "<group>"; };
		E4EBEC2025A8B491007D26FE /* RotateArray.swift */ = {isa = PBXFileReference; lastKnownFileType = sourcecode.swift; path = RotateArray.swift; sourceTree = "<group>"; };
		E4EBEC2325AA07F8007D26FE /* StockIII.swift */ = {isa = PBXFileReference; lastKnownFileType = sourcecode.swift; path = StockIII.swift; sourceTree = "<group>"; };
		E4EBEC2625AAFB85007D26FE /* PerfectSquare.swift */ = {isa = PBXFileReference; lastKnownFileType = sourcecode.swift; path = PerfectSquare.swift; sourceTree = "<group>"; };
		E4EBEC2925AB2B28007D26FE /* DecodeWays.swift */ = {isa = PBXFileReference; lastKnownFileType = sourcecode.swift; path = DecodeWays.swift; sourceTree = "<group>"; };
		E4EBEC2C25AB305F007D26FE /* MaxSquare.swift */ = {isa = PBXFileReference; lastKnownFileType = sourcecode.swift; path = MaxSquare.swift; sourceTree = "<group>"; };
		E4EBEC2F25AC9E46007D26FE /* SortColor.swift */ = {isa = PBXFileReference; lastKnownFileType = sourcecode.swift; path = SortColor.swift; sourceTree = "<group>"; };
		E4F012C425B3170E0038908D /* TrieTree.swift */ = {isa = PBXFileReference; lastKnownFileType = sourcecode.swift; path = TrieTree.swift; sourceTree = "<group>"; };
		E4FACDA62588E23F009EB46F /* GenerateParenthesis.swift */ = {isa = PBXFileReference; lastKnownFileType = sourcecode.swift; path = GenerateParenthesis.swift; sourceTree = "<group>"; };
		E4FACDAE258C4B42009EB46F /* InvertTree.swift */ = {isa = PBXFileReference; lastKnownFileType = sourcecode.swift; path = InvertTree.swift; sourceTree = "<group>"; };
		E4FACDB1258C63CC009EB46F /* IsValidBST.swift */ = {isa = PBXFileReference; lastKnownFileType = sourcecode.swift; path = IsValidBST.swift; sourceTree = "<group>"; };
		E4FF1D10257FA3CE00B034BE /* SlidingWindowMaximum.swift */ = {isa = PBXFileReference; lastKnownFileType = sourcecode.swift; path = SlidingWindowMaximum.swift; sourceTree = "<group>"; };
		E4FFE4FF25BB177100A8E10C /* SwapNodesInPairs.swift */ = {isa = PBXFileReference; lastKnownFileType = sourcecode.swift; path = SwapNodesInPairs.swift; sourceTree = "<group>"; };
/* End PBXFileReference section */

/* Begin PBXFrameworksBuildPhase section */
		E4251197257E7B7000BA6EE3 /* Frameworks */ = {
			isa = PBXFrameworksBuildPhase;
			buildActionMask = 2147483647;
			files = (
			);
			runOnlyForDeploymentPostprocessing = 0;
		};
/* End PBXFrameworksBuildPhase section */

/* Begin PBXGroup section */
		E41114D825937D39007E9A3A /* Week04 */ = {
			isa = PBXGroup;
			children = (
				18BBA03E25A6DE0000CBE9ED /* Practice04.swift */,
				E40EE18A2581A0B9003E4885 /* LemonnadeChange.swift */,
				E41114D925937D71007E9A3A /* MaxProfit.swift */,
				E41114E225947C61007E9A3A /* AssignCookies.swift */,
				18E0F5CD2595936D00BAD43A /* NumberOfIsland.swift */,
				E4EBEBC12596CB99007D26FE /* RobotSim.swift */,
				E4EBEBC42596D682007D26FE /* WordLadder.swift */,
				E4EBEBDB25988422007D26FE /* WordLadderII.swift */,
				E4EBEBC725972146007D26FE /* Minesweeper.swift */,
				E4EBEBCD25974278007D26FE /* SearchInRotatedSortedArray.swift */,
				E4EBEBD02597477E007D26FE /* Search2DMatrix.swift */,
				E4EBEBD325974AAD007D26FE /* FindMinInRotatedSortedArray.swift */,
				18D87005259981AD0056FB8F /* MinGeneticMutation.swift */,
				18D870082599AFFD0056FB8F /* SqrtX.swift */,
				18D8700B2599CF980056FB8F /* ValidPerfectSquare.swift */,
			);
			path = Week04;
			sourceTree = "<group>";
		};
		E4238E7325B86DCF0057462D /* Week08 */ = {
			isa = PBXGroup;
			children = (
				188188D325DE4E2200744153 /* Practice08.swift */,
				E481DA2125B954D30079E94E /* NumberOfOneBit.swift */,
				181302EA25B95CAD00140E61 /* ReverseBits.swift */,
				E481DA2525B9B61D0079E94E /* PowerOfTwo.swift */,
				1803F65B2592DD2D00CD5C03 /* NQueens.swift */,
				E4BB406125BD65D6008E963D /* RelativeSortArray.swift */,
				E4BB406425BD74A9008E963D /* LeaderBoard.swift */,
				E4BB406725BDC3CC008E963D /* CountingBits.swift */,
				189DFF3C25BE67FA00BCE07A /* Sort.swift */,
				188188D825DF9C2100744153 /* HeapSort.swift */,
			);
			path = Week08;
			sourceTree = "<group>";
		};
		E42415D725DD5DA600973063 /* String */ = {
			isa = PBXGroup;
			children = (
				E42415D825DD5E1600973063 /* WordPattern.swift */,
				E4B29FDE25DEB5200057A6F0 /* LongestSubstringWithoutRepeat.swift */,
			);
			path = String;
			sourceTree = "<group>";
		};
		E4251191257E7B7000BA6EE3 = {
			isa = PBXGroup;
			children = (
				E425119C257E7B7000BA6EE3 /* LeetCodeDemo */,
				E425119B257E7B7000BA6EE3 /* Products */,
			);
			sourceTree = "<group>";
		};
		E425119B257E7B7000BA6EE3 /* Products */ = {
			isa = PBXGroup;
			children = (
				E425119A257E7B7000BA6EE3 /* LeetCodeDemo */,
			);
			name = Products;
			sourceTree = "<group>";
		};
		E425119C257E7B7000BA6EE3 /* LeetCodeDemo */ = {
			isa = PBXGroup;
			children = (
				E425119D257E7B7000BA6EE3 /* main.swift */,
				1803F64E258B553800CD5C03 /* Tree.swift */,
				E4EBEC1225A6B449007D26FE /* Week01 */,
				E4FACDA92588E984009EB46F /* Week02 */,
				E4FACDAA2588E9AB009EB46F /* Week03 */,
				E41114D825937D39007E9A3A /* Week04 */,
				E4EBEBE4259E0A55007D26FE /* Week05 */,
				E4EBEBFF25A20BEB007D26FE /* Week06 */,
				E4F012C325B316FC0038908D /* Week07 */,
				E4238E7325B86DCF0057462D /* Week08 */,
				E48DC9C725BF101100ED0D96 /* Week09 */,
				E42415D725DD5DA600973063 /* String */,
			);
			path = LeetCodeDemo;
			sourceTree = "<group>";
		};
		E48DC9C725BF101100ED0D96 /* Week09 */ = {
			isa = PBXGroup;
			children = (
				E48DC9C825BF108A00ED0D96 /* FirstUniqueChar.swift */,
				E45705E325C05E4D00A59920 /* MinCostClimbingStairs.swift */,
				E407053B25C188B00017B416 /* ToLowerCase.swift */,
				189DFF4325C2BA9600BCE07A /* LengthOfLastWord.swift */,
				189DFF4625C2D9C100BCE07A /* JewelsAndStones.swift */,
				189DFF4925C3D3A200BCE07A /* LongestCommonPrefix.swift */,
				189DFF4C25C3FDA000BCE07A /* ReverseString.swift */,
				E41F374325C54BF000C11178 /* ReverseStringII.swift */,
				E41F374625C557DC00C11178 /* ReverseWordInString.swift */,
				E41F374925C55A8100C11178 /* ReverseWordInStringIII.swift */,
				E41F374C25C55F2400C11178 /* ReverseOnlyLetters.swift */,
				E40EE1972584B7DF003E4885 /* ValidAnagram.swift */,
				E40EE19A2584CEAE003E4885 /* GroupAnagrams.swift */,
				E41F374F25C584F000C11178 /* FindAllAnagramsInAString.swift */,
				18543CC625C64162007E3865 /* ValidPalindrome.swift */,
				E4EBEC2925AB2B28007D26FE /* DecodeWays.swift */,
				E42F8DE225C6F3DA00108D65 /* IsomorphicStrings.swift */,
				E42F8DE625C6F7D700108D65 /* LengthOfLIS.swift */,
				18543CCA25C79DA5007E3865 /* LongestPalindromicSubstring.swift */,
			);
			path = Week09;
			sourceTree = "<group>";
		};
		E4EBEBE4259E0A55007D26FE /* Week05 */ = {
			isa = PBXGroup;
			children = (
				E4EBEBEF25A05493007D26FE /* Practice05.swift */,
				E4EBEBE9259F752A007D26FE /* FourSum.swift */,
				E4EBEC0025A20CAD007D26FE /* Fibonacci.swift */,
				E4EBEBF225A0AC3E007D26FE /* UniquePaths.swift */,
				E4EBEBF625A0B28E007D26FE /* UniquePathsII.swift */,
				E4EBEBEC259F77DE007D26FE /* LongestCommonSubsequence.swift */,
			);
			path = Week05;
			sourceTree = "<group>";
		};
		E4EBEBFF25A20BEB007D26FE /* Week06 */ = {
			isa = PBXGroup;
			children = (
				18BBA03025A5738300CBE9ED /* Practice06.swift */,
				E4EBEBE5259E0A8F007D26FE /* MaxSubarray.swift */,
				E4EBEBF925A1626B007D26FE /* MinPathSum.swift */,
				E4EBEBFC25A16DAF007D26FE /* Triangle.swift */,
				18BBA02B25A4875F00CBE9ED /* CoinChange.swift */,
				E4EBEC1925A8AC9E007D26FE /* CoinChangeII.swift */,
				E4EBEC0C25A5F9F8007D26FE /* HouseRobber.swift */,
				E4EBEC0F25A60195007D26FE /* HouseRobberII.swift */,
				E4EBEBCA259739AB007D26FE /* JumpGame.swift */,
				E4EBEBD7259872AC007D26FE /* JumpGameII.swift */,
				E4EBEC1C25A8ACFD007D26FE /* EditDistance.swift */,
				E407053E25C1A6E90017B416 /* Stock.swift */,
				18D4C80125CD1B300050702E /* StockII.swift */,
				E4EBEC2325AA07F8007D26FE /* StockIII.swift */,
				E4EBEC2625AAFB85007D26FE /* PerfectSquare.swift */,
				E4EBEC2C25AB305F007D26FE /* MaxSquare.swift */,
				E40FD0C025ADF14E00DAEF45 /* PalindromicSubstrings.swift */,
			);
			path = Week06;
			sourceTree = "<group>";
		};
		E4EBEC1225A6B449007D26FE /* Week01 */ = {
			isa = PBXGroup;
			children = (
				18D4C80525CD42C00050702E /* LRUCache.swift */,
				E4EBEBE0259B6DCD007D26FE /* Practice.swift */,
				E4EBEC2025A8B491007D26FE /* RotateArray.swift */,
				E4EBEC2F25AC9E46007D26FE /* SortColor.swift */,
				E4FFE4FF25BB177100A8E10C /* SwapNodesInPairs.swift */,
				E4A07E8425CE5759002C24E4 /* ContaineWithMostWater.swift */,
				E4A07E8825CE590D002C24E4 /* MoveZero.swift */,
				E4A07E8B25CEADF0002C24E4 /* ReverseLinkedList.swift */,
				E4A07E8E25CECB6D002C24E4 /* LinkedListCycle.swift */,
				E4A07E9125CED033002C24E4 /* LinkedListCycleII.swift */,
				E4A07E9425CED88E002C24E4 /* ProductExceptSelf.swift */,
				18D4C80925CF9DF10050702E /* ValidParentheses.swift */,
				18D4C80D25CFE40A0050702E /* MinStack.swift */,
				E47D15AF25DFF1990074EE20 /* MergeTwoLists.swift */,
			);
			path = Week01;
			sourceTree = "<group>";
		};
		E4F012C325B316FC0038908D /* Week07 */ = {
			isa = PBXGroup;
			children = (
				E4F012C425B3170E0038908D /* TrieTree.swift */,
				E4238E7725B86EFA0057462D /* SolveSudoku.swift */,
				E481DA1E25B94F3A0079E94E /* ValidSudoku.swift */,
			);
			path = Week07;
			sourceTree = "<group>";
		};
		E4FACDA92588E984009EB46F /* Week02 */ = {
			isa = PBXGroup;
			children = (
				18BBA03425A581CF00CBE9ED /* Pratice02.swift */,
				E42511A5257E7C2200BA6EE3 /* TwoSum.swift */,
				18BBA02725A2F5E600CBE9ED /* ThreeSum.swift */,
				E42511AA257E7EE000BA6EE3 /* Intersect.swift */,
				E4FF1D10257FA3CE00B034BE /* SlidingWindowMaximum.swift */,
				E40EE1842580C526003E4885 /* RemoveOutermostParentheses.swift */,
				E40EE18725810AA3003E4885 /* Trap.swift */,
				E40EE18E25825BEE003E4885 /* MaxArea.swift */,
				E40EE19125827139003E4885 /* FizzBuzz.swift */,
				E40EE1942583AD06003E4885 /* AddDigits.swift */,
				E40EE19D25851126003E4885 /* BinaryTree.swift */,
				E40EE1A02585E671003E4885 /* UglyNumber.swift */,
				E40EE1A3258609BA003E4885 /* TopKFrequent.swift */,
				E40EE1A625864511003E4885 /* NAryTree.swift */,
			);
			path = Week02;
			sourceTree = "<group>";
		};
		E4FACDAA2588E9AB009EB46F /* Week03 */ = {
			isa = PBXGroup;
			children = (
				E41114DD259389F9007E9A3A /* ClimbStairs.swift */,
				E4FACDA62588E23F009EB46F /* GenerateParenthesis.swift */,
				1803F647258AE9C700CD5C03 /* ReversePrint.swift */,
				1803F64B258B54B800CD5C03 /* LowestCommonAncestor.swift */,
				E4FACDAE258C4B42009EB46F /* InvertTree.swift */,
				E4FACDB1258C63CC009EB46F /* IsValidBST.swift */,
				E447E7EC258CDBB900E89845 /* MyCircularDeque.swift */,
				E447E7F0258CF8B700E89845 /* MaxDepth.swift */,
				E447E7F3258DA62100E89845 /* MinDepth.swift */,
				E447E7F6258E19CC00E89845 /* BuildTree.swift */,
				E447E7F9258E440900E89845 /* Combinations.swift */,
				E447E7FD258E51C000E89845 /* Permutations.swift */,
				E4BBB75B258F4AA400225CB6 /* PermuteUnique.swift */,
				E4BBB75E258F7CF400225CB6 /* Codec.swift */,
				E41114D4258F965E007E9A3A /* Pow.swift */,
				1803F65225909B0500CD5C03 /* Subset.swift */,
				1803F6552591D9DD00CD5C03 /* MajorityElement.swift */,
				1803F6582591E41F00CD5C03 /* LetterOfPhoneNumber.swift */,
			);
			path = Week03;
			sourceTree = "<group>";
		};
/* End PBXGroup section */

/* Begin PBXNativeTarget section */
		E4251199257E7B7000BA6EE3 /* LeetCodeDemo */ = {
			isa = PBXNativeTarget;
			buildConfigurationList = E42511A1257E7B7000BA6EE3 /* Build configuration list for PBXNativeTarget "LeetCodeDemo" */;
			buildPhases = (
				E4251196257E7B7000BA6EE3 /* Sources */,
				E4251197257E7B7000BA6EE3 /* Frameworks */,
				E4251198257E7B7000BA6EE3 /* CopyFiles */,
			);
			buildRules = (
			);
			dependencies = (
			);
			name = LeetCodeDemo;
			productName = LeetCodeDemo;
			productReference = E425119A257E7B7000BA6EE3 /* LeetCodeDemo */;
			productType = "com.apple.product-type.tool";
		};
/* End PBXNativeTarget section */

/* Begin PBXProject section */
		E4251192257E7B7000BA6EE3 /* Project object */ = {
			isa = PBXProject;
			attributes = {
				LastSwiftUpdateCheck = 1200;
				LastUpgradeCheck = 1230;
				TargetAttributes = {
					E4251199257E7B7000BA6EE3 = {
						CreatedOnToolsVersion = 12.0;
					};
				};
			};
			buildConfigurationList = E4251195257E7B7000BA6EE3 /* Build configuration list for PBXProject "LeetCodeDemo" */;
			compatibilityVersion = "Xcode 9.3";
			developmentRegion = en;
			hasScannedForEncodings = 0;
			knownRegions = (
				en,
				Base,
			);
			mainGroup = E4251191257E7B7000BA6EE3;
			productRefGroup = E425119B257E7B7000BA6EE3 /* Products */;
			projectDirPath = "";
			projectRoot = "";
			targets = (
				E4251199257E7B7000BA6EE3 /* LeetCodeDemo */,
			);
		};
/* End PBXProject section */

/* Begin PBXSourcesBuildPhase section */
		E4251196257E7B7000BA6EE3 /* Sources */ = {
			isa = PBXSourcesBuildPhase;
			buildActionMask = 2147483647;
			files = (
				E41F374425C54BF000C11178 /* ReverseStringII.swift in Sources */,
				E4EBEBF325A0AC3E007D26FE /* UniquePaths.swift in Sources */,
				E4EBEBE1259B6DCD007D26FE /* Practice.swift in Sources */,
				188188D925DF9C2100744153 /* HeapSort.swift in Sources */,
				E407053F25C1A6E90017B416 /* Stock.swift in Sources */,
				E4FACDAF258C4B42009EB46F /* InvertTree.swift in Sources */,
				18D4C80E25CFE40A0050702E /* MinStack.swift in Sources */,
				1803F65C2592DD2D00CD5C03 /* NQueens.swift in Sources */,
				E4EBEC2125A8B491007D26FE /* RotateArray.swift in Sources */,
				E48DC9C925BF108A00ED0D96 /* FirstUniqueChar.swift in Sources */,
				18D4C80225CD1B300050702E /* StockII.swift in Sources */,
				E4EBEC1025A60195007D26FE /* HouseRobberII.swift in Sources */,
				E40EE18825810AA3003E4885 /* Trap.swift in Sources */,
				E45705E425C05E4D00A59920 /* MinCostClimbingStairs.swift in Sources */,
				E4BBB75F258F7CF400225CB6 /* Codec.swift in Sources */,
				E4A07E8525CE5759002C24E4 /* ContaineWithMostWater.swift in Sources */,
				E41F374725C557DC00C11178 /* ReverseWordInString.swift in Sources */,
				E481DA2225B954D30079E94E /* NumberOfOneBit.swift in Sources */,
				E40EE1982584B7DF003E4885 /* ValidAnagram.swift in Sources */,
				E447E7ED258CDBB900E89845 /* MyCircularDeque.swift in Sources */,
				E4238E7A25B871600057462D /* SolveSudoku.swift in Sources */,
				E42511A6257E7C2200BA6EE3 /* TwoSum.swift in Sources */,
				1803F6592591E41F00CD5C03 /* LetterOfPhoneNumber.swift in Sources */,
				E4EBEBFA25A1626B007D26FE /* MinPathSum.swift in Sources */,
				E41114E325947C61007E9A3A /* AssignCookies.swift in Sources */,
				1803F648258AE9C700CD5C03 /* ReversePrint.swift in Sources */,
				E4EBEBD8259872AC007D26FE /* JumpGameII.swift in Sources */,
				E4EBEBC52596D682007D26FE /* WordLadder.swift in Sources */,
				18D4C80625CD42C00050702E /* LRUCache.swift in Sources */,
				E40EE1A725864511003E4885 /* NAryTree.swift in Sources */,
				E4EBEBE6259E0A8F007D26FE /* MaxSubarray.swift in Sources */,
				E41F375025C584F000C11178 /* FindAllAnagramsInAString.swift in Sources */,
				E4EBEBCB259739AB007D26FE /* JumpGame.swift in Sources */,
				E4EBEBC825972146007D26FE /* Minesweeper.swift in Sources */,
				E447E7FA258E440900E89845 /* Combinations.swift in Sources */,
				1803F64F258B553800CD5C03 /* Tree.swift in Sources */,
				E4FF1D11257FA3CE00B034BE /* SlidingWindowMaximum.swift in Sources */,
				E4A07E9525CED88E002C24E4 /* ProductExceptSelf.swift in Sources */,
				E42F8DE325C6F3DA00108D65 /* IsomorphicStrings.swift in Sources */,
				E4EBEBF725A0B28E007D26FE /* UniquePathsII.swift in Sources */,
				18BBA02C25A4875F00CBE9ED /* CoinChange.swift in Sources */,
				18543CC725C64162007E3865 /* ValidPalindrome.swift in Sources */,
				1803F6562591D9DD00CD5C03 /* MajorityElement.swift in Sources */,
				189DFF3D25BE67FA00BCE07A /* Sort.swift in Sources */,
				E4F012C525B3170E0038908D /* TrieTree.swift in Sources */,
				E40EE1852580C526003E4885 /* RemoveOutermostParentheses.swift in Sources */,
				E40EE1A12585E671003E4885 /* UglyNumber.swift in Sources */,
				E42415D925DD5E1600973063 /* WordPattern.swift in Sources */,
				18D4C80A25CF9DF10050702E /* ValidParentheses.swift in Sources */,
				E4BB406225BD65D6008E963D /* RelativeSortArray.swift in Sources */,
				E4BB406525BD74A9008E963D /* LeaderBoard.swift in Sources */,
				E42F8DE725C6F7D700108D65 /* LengthOfLIS.swift in Sources */,
				E4EBEBEA259F752A007D26FE /* FourSum.swift in Sources */,
				E4A07E8925CE590D002C24E4 /* MoveZero.swift in Sources */,
				E4EBEBFD25A16DAF007D26FE /* Triangle.swift in Sources */,
				E4EBEC2A25AB2B28007D26FE /* DecodeWays.swift in Sources */,
				E4FFE50025BB177100A8E10C /* SwapNodesInPairs.swift in Sources */,
				E4EBEC1A25A8AC9E007D26FE /* CoinChangeII.swift in Sources */,
				E4EBEC2425AA07F8007D26FE /* StockIII.swift in Sources */,
				E447E7FE258E51C000E89845 /* Permutations.swift in Sources */,
				E40EE19B2584CEAE003E4885 /* GroupAnagrams.swift in Sources */,
				18BBA03525A581CF00CBE9ED /* Pratice02.swift in Sources */,
				E40EE1A4258609BA003E4885 /* TopKFrequent.swift in Sources */,
				E42511AB257E7EE000BA6EE3 /* Intersect.swift in Sources */,
				E47D15B025DFF1990074EE20 /* MergeTwoLists.swift in Sources */,
				189DFF4725C2D9C100BCE07A /* JewelsAndStones.swift in Sources */,
				E447E7F7258E19CD00E89845 /* BuildTree.swift in Sources */,
				189DFF4425C2BA9600BCE07A /* LengthOfLastWord.swift in Sources */,
				E4EBEBD425974AAD007D26FE /* FindMinInRotatedSortedArray.swift in Sources */,
				E481DA2625B9B61D0079E94E /* PowerOfTwo.swift in Sources */,
				E4EBEC1D25A8ACFD007D26FE /* EditDistance.swift in Sources */,
				E4EBEC2725AAFB85007D26FE /* PerfectSquare.swift in Sources */,
				E447E7F4258DA62100E89845 /* MinDepth.swift in Sources */,
				18BBA03F25A6DE0000CBE9ED /* Practice04.swift in Sources */,
				E40EE1952583AD06003E4885 /* AddDigits.swift in Sources */,
				E4EBEBC22596CB99007D26FE /* RobotSim.swift in Sources */,
				E41114D5258F965E007E9A3A /* Pow.swift in Sources */,
				E4A07E9225CED033002C24E4 /* LinkedListCycleII.swift in Sources */,
				18D87006259981AD0056FB8F /* MinGeneticMutation.swift in Sources */,
				18D8700C2599CF980056FB8F /* ValidPerfectSquare.swift in Sources */,
				E41114DA25937D71007E9A3A /* MaxProfit.swift in Sources */,
				E4EBEBED259F77DE007D26FE /* LongestCommonSubsequence.swift in Sources */,
				E4B29FDF25DEB5200057A6F0 /* LongestSubstringWithoutRepeat.swift in Sources */,
				189DFF4D25C3FDA000BCE07A /* ReverseString.swift in Sources */,
				E41F374D25C55F2400C11178 /* ReverseOnlyLetters.swift in Sources */,
				E4EBEC2D25AB305F007D26FE /* MaxSquare.swift in Sources */,
				E41F374A25C55A8100C11178 /* ReverseWordInStringIII.swift in Sources */,
				E481DA1F25B94F3A0079E94E /* ValidSudoku.swift in Sources */,
				E4BBB75C258F4AA400225CB6 /* PermuteUnique.swift in Sources */,
				E4EBEBD12597477E007D26FE /* Search2DMatrix.swift in Sources */,
				18E0F5CE2595936D00BAD43A /* NumberOfIsland.swift in Sources */,
				E40EE19225827139003E4885 /* FizzBuzz.swift in Sources */,
				189DFF4A25C3D3A200BCE07A /* LongestCommonPrefix.swift in Sources */,
				E40EE19E25851126003E4885 /* BinaryTree.swift in Sources */,
				E4EBEBF025A05493007D26FE /* Practice05.swift in Sources */,
				18D870092599AFFD0056FB8F /* SqrtX.swift in Sources */,
				188188D425DE4E2200744153 /* Practice08.swift in Sources */,
				1803F64C258B54B800CD5C03 /* LowestCommonAncestor.swift in Sources */,
				E4EBEC3025AC9E46007D26FE /* SortColor.swift in Sources */,
				E4EBEC0D25A5F9F8007D26FE /* HouseRobber.swift in Sources */,
				E425119E257E7B7000BA6EE3 /* main.swift in Sources */,
				E4EBEBDC25988422007D26FE /* WordLadderII.swift in Sources */,
				E4FACDB2258C63CC009EB46F /* IsValidBST.swift in Sources */,
				E4EBEC0125A20CAD007D26FE /* Fibonacci.swift in Sources */,
				E4A07E8C25CEADF0002C24E4 /* ReverseLinkedList.swift in Sources */,
				18543CCB25C79DA5007E3865 /* LongestPalindromicSubstring.swift in Sources */,
				E447E7F1258CF8B700E89845 /* MaxDepth.swift in Sources */,
				E4FACDA72588E23F009EB46F /* GenerateParenthesis.swift in Sources */,
				E41114DE259389F9007E9A3A /* ClimbStairs.swift in Sources */,
				1803F65325909B0500CD5C03 /* Subset.swift in Sources */,
				18BBA02825A2F5E600CBE9ED /* ThreeSum.swift in Sources */,
				18BBA03125A5738300CBE9ED /* Practice06.swift in Sources */,
				E4BB406825BDC3CC008E963D /* CountingBits.swift in Sources */,
				E40EE18B2581A0B9003E4885 /* LemonnadeChange.swift in Sources */,
				181302EB25B95CAD00140E61 /* ReverseBits.swift in Sources */,
				E40FD0C125ADF14E00DAEF45 /* PalindromicSubstrings.swift in Sources */,
				E4EBEBCE25974278007D26FE /* SearchInRotatedSortedArray.swift in Sources */,
				E40EE18F25825BEE003E4885 /* MaxArea.swift in Sources */,
				E4A07E8F25CECB6D002C24E4 /* LinkedListCycle.swift in Sources */,
				E407053C25C188B00017B416 /* ToLowerCase.swift in Sources */,
			);
			runOnlyForDeploymentPostprocessing = 0;
		};
/* End PBXSourcesBuildPhase section */

/* Begin XCBuildConfiguration section */
		E425119F257E7B7000BA6EE3 /* Debug */ = {
			isa = XCBuildConfiguration;
			buildSettings = {
				ALWAYS_SEARCH_USER_PATHS = NO;
				CLANG_ANALYZER_NONNULL = YES;
				CLANG_ANALYZER_NUMBER_OBJECT_CONVERSION = YES_AGGRESSIVE;
				CLANG_CXX_LANGUAGE_STANDARD = "gnu++14";
				CLANG_CXX_LIBRARY = "libc++";
				CLANG_ENABLE_MODULES = YES;
				CLANG_ENABLE_OBJC_ARC = YES;
				CLANG_ENABLE_OBJC_WEAK = YES;
				CLANG_WARN_BLOCK_CAPTURE_AUTORELEASING = YES;
				CLANG_WARN_BOOL_CONVERSION = YES;
				CLANG_WARN_COMMA = YES;
				CLANG_WARN_CONSTANT_CONVERSION = YES;
				CLANG_WARN_DEPRECATED_OBJC_IMPLEMENTATIONS = YES;
				CLANG_WARN_DIRECT_OBJC_ISA_USAGE = YES_ERROR;
				CLANG_WARN_DOCUMENTATION_COMMENTS = YES;
				CLANG_WARN_EMPTY_BODY = YES;
				CLANG_WARN_ENUM_CONVERSION = YES;
				CLANG_WARN_INFINITE_RECURSION = YES;
				CLANG_WARN_INT_CONVERSION = YES;
				CLANG_WARN_NON_LITERAL_NULL_CONVERSION = YES;
				CLANG_WARN_OBJC_IMPLICIT_RETAIN_SELF = YES;
				CLANG_WARN_OBJC_LITERAL_CONVERSION = YES;
				CLANG_WARN_OBJC_ROOT_CLASS = YES_ERROR;
				CLANG_WARN_QUOTED_INCLUDE_IN_FRAMEWORK_HEADER = YES;
				CLANG_WARN_RANGE_LOOP_ANALYSIS = YES;
				CLANG_WARN_STRICT_PROTOTYPES = YES;
				CLANG_WARN_SUSPICIOUS_MOVE = YES;
				CLANG_WARN_UNGUARDED_AVAILABILITY = YES_AGGRESSIVE;
				CLANG_WARN_UNREACHABLE_CODE = YES;
				CLANG_WARN__DUPLICATE_METHOD_MATCH = YES;
				COPY_PHASE_STRIP = NO;
				DEBUG_INFORMATION_FORMAT = dwarf;
				ENABLE_STRICT_OBJC_MSGSEND = YES;
				ENABLE_TESTABILITY = YES;
				GCC_C_LANGUAGE_STANDARD = gnu11;
				GCC_DYNAMIC_NO_PIC = NO;
				GCC_NO_COMMON_BLOCKS = YES;
				GCC_OPTIMIZATION_LEVEL = 0;
				GCC_PREPROCESSOR_DEFINITIONS = (
					"DEBUG=1",
					"$(inherited)",
				);
				GCC_WARN_64_TO_32_BIT_CONVERSION = YES;
				GCC_WARN_ABOUT_RETURN_TYPE = YES_ERROR;
				GCC_WARN_UNDECLARED_SELECTOR = YES;
				GCC_WARN_UNINITIALIZED_AUTOS = YES_AGGRESSIVE;
				GCC_WARN_UNUSED_FUNCTION = YES;
				GCC_WARN_UNUSED_VARIABLE = YES;
				MACOSX_DEPLOYMENT_TARGET = 10.15;
				MTL_ENABLE_DEBUG_INFO = INCLUDE_SOURCE;
				MTL_FAST_MATH = YES;
				ONLY_ACTIVE_ARCH = YES;
				SDKROOT = macosx;
				SWIFT_ACTIVE_COMPILATION_CONDITIONS = DEBUG;
				SWIFT_OPTIMIZATION_LEVEL = "-Onone";
			};
			name = Debug;
		};
		E42511A0257E7B7000BA6EE3 /* Release */ = {
			isa = XCBuildConfiguration;
			buildSettings = {
				ALWAYS_SEARCH_USER_PATHS = NO;
				CLANG_ANALYZER_NONNULL = YES;
				CLANG_ANALYZER_NUMBER_OBJECT_CONVERSION = YES_AGGRESSIVE;
				CLANG_CXX_LANGUAGE_STANDARD = "gnu++14";
				CLANG_CXX_LIBRARY = "libc++";
				CLANG_ENABLE_MODULES = YES;
				CLANG_ENABLE_OBJC_ARC = YES;
				CLANG_ENABLE_OBJC_WEAK = YES;
				CLANG_WARN_BLOCK_CAPTURE_AUTORELEASING = YES;
				CLANG_WARN_BOOL_CONVERSION = YES;
				CLANG_WARN_COMMA = YES;
				CLANG_WARN_CONSTANT_CONVERSION = YES;
				CLANG_WARN_DEPRECATED_OBJC_IMPLEMENTATIONS = YES;
				CLANG_WARN_DIRECT_OBJC_ISA_USAGE = YES_ERROR;
				CLANG_WARN_DOCUMENTATION_COMMENTS = YES;
				CLANG_WARN_EMPTY_BODY = YES;
				CLANG_WARN_ENUM_CONVERSION = YES;
				CLANG_WARN_INFINITE_RECURSION = YES;
				CLANG_WARN_INT_CONVERSION = YES;
				CLANG_WARN_NON_LITERAL_NULL_CONVERSION = YES;
				CLANG_WARN_OBJC_IMPLICIT_RETAIN_SELF = YES;
				CLANG_WARN_OBJC_LITERAL_CONVERSION = YES;
				CLANG_WARN_OBJC_ROOT_CLASS = YES_ERROR;
				CLANG_WARN_QUOTED_INCLUDE_IN_FRAMEWORK_HEADER = YES;
				CLANG_WARN_RANGE_LOOP_ANALYSIS = YES;
				CLANG_WARN_STRICT_PROTOTYPES = YES;
				CLANG_WARN_SUSPICIOUS_MOVE = YES;
				CLANG_WARN_UNGUARDED_AVAILABILITY = YES_AGGRESSIVE;
				CLANG_WARN_UNREACHABLE_CODE = YES;
				CLANG_WARN__DUPLICATE_METHOD_MATCH = YES;
				COPY_PHASE_STRIP = NO;
				DEBUG_INFORMATION_FORMAT = "dwarf-with-dsym";
				ENABLE_NS_ASSERTIONS = NO;
				ENABLE_STRICT_OBJC_MSGSEND = YES;
				GCC_C_LANGUAGE_STANDARD = gnu11;
				GCC_NO_COMMON_BLOCKS = YES;
				GCC_WARN_64_TO_32_BIT_CONVERSION = YES;
				GCC_WARN_ABOUT_RETURN_TYPE = YES_ERROR;
				GCC_WARN_UNDECLARED_SELECTOR = YES;
				GCC_WARN_UNINITIALIZED_AUTOS = YES_AGGRESSIVE;
				GCC_WARN_UNUSED_FUNCTION = YES;
				GCC_WARN_UNUSED_VARIABLE = YES;
				MACOSX_DEPLOYMENT_TARGET = 10.15;
				MTL_ENABLE_DEBUG_INFO = NO;
				MTL_FAST_MATH = YES;
				SDKROOT = macosx;
				SWIFT_COMPILATION_MODE = wholemodule;
				SWIFT_OPTIMIZATION_LEVEL = "-O";
			};
			name = Release;
		};
		E42511A2257E7B7000BA6EE3 /* Debug */ = {
			isa = XCBuildConfiguration;
			buildSettings = {
				CODE_SIGN_IDENTITY = "-";
				CODE_SIGN_STYLE = Automatic;
				DEVELOPMENT_TEAM = VYH2KESH9R;
				ENABLE_HARDENED_RUNTIME = YES;
				PRODUCT_NAME = "$(TARGET_NAME)";
				SWIFT_VERSION = 5.0;
			};
			name = Debug;
		};
		E42511A3257E7B7000BA6EE3 /* Release */ = {
			isa = XCBuildConfiguration;
			buildSettings = {
				CODE_SIGN_IDENTITY = "-";
				CODE_SIGN_STYLE = Automatic;
				DEVELOPMENT_TEAM = VYH2KESH9R;
				ENABLE_HARDENED_RUNTIME = YES;
				PRODUCT_NAME = "$(TARGET_NAME)";
				SWIFT_VERSION = 5.0;
			};
			name = Release;
		};
/* End XCBuildConfiguration section */

/* Begin XCConfigurationList section */
		E4251195257E7B7000BA6EE3 /* Build configuration list for PBXProject "LeetCodeDemo" */ = {
			isa = XCConfigurationList;
			buildConfigurations = (
				E425119F257E7B7000BA6EE3 /* Debug */,
				E42511A0257E7B7000BA6EE3 /* Release */,
			);
			defaultConfigurationIsVisible = 0;
			defaultConfigurationName = Release;
		};
		E42511A1257E7B7000BA6EE3 /* Build configuration list for PBXNativeTarget "LeetCodeDemo" */ = {
			isa = XCConfigurationList;
			buildConfigurations = (
				E42511A2257E7B7000BA6EE3 /* Debug */,
				E42511A3257E7B7000BA6EE3 /* Release */,
			);
			defaultConfigurationIsVisible = 0;
			defaultConfigurationName = Release;
		};
/* End XCConfigurationList section */
	};
	rootObject = E4251192257E7B7000BA6EE3 /* Project object */;
}
